
Microsoft Visual Studio Solution File, Format Version 12.00
# Visual Studio Version 16
VisualStudioVersion = 16.0.30907.101
MinimumVisualStudioVersion = 10.0.40219.1
Project("{FAE04EC0-301F-11D3-BF4B-00C04F79EFBC}") = "ReflectionLearning", "ReflectionLearning.csproj", "{D4DC24E3-53BF-48E1-93A4-29BF38119B51}"
EndProject
Global
	GlobalSection(SolutionConfigurationPlatforms) = preSolution
		Debug|Any CPU = Debug|Any CPU
		Release|Any CPU = Release|Any CPU
	EndGlobalSection
	GlobalSection(ProjectConfigurationPlatforms) = postSolution
		{D4DC24E3-53BF-48E1-93A4-29BF38119B51}.Debug|Any CPU.ActiveCfg = Debug|Any CPU
		{D4DC24E3-53BF-48E1-93A4-29BF38119B51}.Debug|Any CPU.Build.0 = Debug|Any CPU
		{D4DC24E3-53BF-48E1-93A4-29BF38119B51}.Release|Any CPU.ActiveCfg = Release|Any CPU
		{D4DC24E3-53BF-48E1-93A4-29BF38119B51}.Release|Any CPU.Build.0 = Release|Any CPU
	EndGlobalSection
	GlobalSection(SolutionProperties) = preSolution
		HideSolutionNode = FALSE
	EndGlobalSection
	GlobalSection(ExtensibilityGlobals) = postSolution
		SolutionGuid = {9CECA70E-FFBF-49F2-98BD-188E6A1102F4}
	EndGlobalSection
EndGlobal
